
Microsoft Visual Studio Solution File, Format Version 12.00
# Visual Studio Version 16
VisualStudioVersion = 16.0.31624.102
MinimumVisualStudioVersion = 10.0.40219.1
Project("{00D1A9C2-B5F0-4AF3-8072-F6C62B433612}") = "CovidXSQLDB", "_CovidX\CovidXSQLDB.sqlproj", "{6ECEC6B3-00DD-461A-9146-5F0D8F2FA367}"
EndProject
Project("{9A19103F-16F7-4668-BE54-9A1E7A4F7556}") = "_CovidXWebApp", "_CovidXWebApp\_CovidXWebApp.csproj", "{5A7E3188-0BF1-4777-A502-CEA81F3B5167}"
EndProject
Project("{9A19103F-16F7-4668-BE54-9A1E7A4F7556}") = "EFCORE_DATAACCESS", "EFCORE_DATAACCESS\EFCORE_DATAACCESS.csproj", "{8669567D-D916-4368-A763-A98FA3373862}"
EndProject
Project("{9A19103F-16F7-4668-BE54-9A1E7A4F7556}") = "Utility.Email", "Email\Utility.Email.csproj", "{E79CA765-D1AE-4F15-A6D4-EB692DAAF6FF}"
EndProject
Global
	GlobalSection(SolutionConfigurationPlatforms) = preSolution
		Debug|Any CPU = Debug|Any CPU
		Release|Any CPU = Release|Any CPU
	EndGlobalSection
	GlobalSection(ProjectConfigurationPlatforms) = postSolution
		{6ECEC6B3-00DD-461A-9146-5F0D8F2FA367}.Debug|Any CPU.ActiveCfg = Debug|Any CPU
		{6ECEC6B3-00DD-461A-9146-5F0D8F2FA367}.Debug|Any CPU.Build.0 = Debug|Any CPU
		{6ECEC6B3-00DD-461A-9146-5F0D8F2FA367}.Debug|Any CPU.Deploy.0 = Debug|Any CPU
		{6ECEC6B3-00DD-461A-9146-5F0D8F2FA367}.Release|Any CPU.ActiveCfg = Release|Any CPU
		{6ECEC6B3-00DD-461A-9146-5F0D8F2FA367}.Release|Any CPU.Build.0 = Release|Any CPU
		{6ECEC6B3-00DD-461A-9146-5F0D8F2FA367}.Release|Any CPU.Deploy.0 = Release|Any CPU
		{5A7E3188-0BF1-4777-A502-CEA81F3B5167}.Debug|Any CPU.ActiveCfg = Debug|Any CPU
		{5A7E3188-0BF1-4777-A502-CEA81F3B5167}.Debug|Any CPU.Build.0 = Debug|Any CPU
		{5A7E3188-0BF1-4777-A502-CEA81F3B5167}.Release|Any CPU.ActiveCfg = Release|Any CPU
		{5A7E3188-0BF1-4777-A502-CEA81F3B5167}.Release|Any CPU.Build.0 = Release|Any CPU
		{8669567D-D916-4368-A763-A98FA3373862}.Debug|Any CPU.ActiveCfg = Debug|Any CPU
		{8669567D-D916-4368-A763-A98FA3373862}.Debug|Any CPU.Build.0 = Debug|Any CPU
		{8669567D-D916-4368-A763-A98FA3373862}.Release|Any CPU.ActiveCfg = Release|Any CPU
		{8669567D-D916-4368-A763-A98FA3373862}.Release|Any CPU.Build.0 = Release|Any CPU
		{E79CA765-D1AE-4F15-A6D4-EB692DAAF6FF}.Debug|Any CPU.ActiveCfg = Debug|Any CPU
		{E79CA765-D1AE-4F15-A6D4-EB692DAAF6FF}.Debug|Any CPU.Build.0 = Debug|Any CPU
		{E79CA765-D1AE-4F15-A6D4-EB692DAAF6FF}.Release|Any CPU.ActiveCfg = Release|Any CPU
		{E79CA765-D1AE-4F15-A6D4-EB692DAAF6FF}.Release|Any CPU.Build.0 = Release|Any CPU
	EndGlobalSection
	GlobalSection(SolutionProperties) = preSolution
		HideSolutionNode = FALSE
	EndGlobalSection
	GlobalSection(ExtensibilityGlobals) = postSolution
		SolutionGuid = {C71DE40A-851A-4E91-B723-63271A017E32}
	EndGlobalSection
EndGlobal
